
Microsoft Visual Studio Solution File, Format Version 12.00
# Visual Studio Version 16
VisualStudioVersion = 16.0.32228.343
MinimumVisualStudioVersion = 10.0.40219.1
Project("{FAE04EC0-301F-11D3-BF4B-00C04F79EFBC}") = "TaskManager", "TaskManager\TaskManager.csproj", "{DE1E862E-B8A2-48C9-817A-FBEA8ECB1720}"
EndProject
Project("{FAE04EC0-301F-11D3-BF4B-00C04F79EFBC}") = "BusinessLayer", "BusinessLayer\BusinessLayer.csproj", "{84920320-D253-4E9D-A9FD-106DA87E6A93}"
EndProject
Project("{FAE04EC0-301F-11D3-BF4B-00C04F79EFBC}") = "EntityLayer", "EntityLayer\EntityLayer.csproj", "{F417F0B8-82D0-4F79-BF8E-A137999A0958}"
EndProject
Project("{FAE04EC0-301F-11D3-BF4B-00C04F79EFBC}") = "CoreLayer", "CoreLayer\CoreLayer.csproj", "{AE73D6A6-5D22-49BF-9CF8-3452B318F1A1}"
EndProject
Project("{FAE04EC0-301F-11D3-BF4B-00C04F79EFBC}") = "DataAccessLayer", "DataAccessLayer\DataAccessLayer.csproj", "{68C9E1C0-0B05-4F1E-A2BD-76688EFA87AF}"
EndProject
Global
	GlobalSection(SolutionConfigurationPlatforms) = preSolution
		Debug|Any CPU = Debug|Any CPU
		Release|Any CPU = Release|Any CPU
	EndGlobalSection
	GlobalSection(ProjectConfigurationPlatforms) = postSolution
		{DE1E862E-B8A2-48C9-817A-FBEA8ECB1720}.Debug|Any CPU.ActiveCfg = Debug|Any CPU
		{DE1E862E-B8A2-48C9-817A-FBEA8ECB1720}.Debug|Any CPU.Build.0 = Debug|Any CPU
		{DE1E862E-B8A2-48C9-817A-FBEA8ECB1720}.Release|Any CPU.ActiveCfg = Release|Any CPU
		{DE1E862E-B8A2-48C9-817A-FBEA8ECB1720}.Release|Any CPU.Build.0 = Release|Any CPU
		{84920320-D253-4E9D-A9FD-106DA87E6A93}.Debug|Any CPU.ActiveCfg = Debug|Any CPU
		{84920320-D253-4E9D-A9FD-106DA87E6A93}.Debug|Any CPU.Build.0 = Debug|Any CPU
		{84920320-D253-4E9D-A9FD-106DA87E6A93}.Release|Any CPU.ActiveCfg = Release|Any CPU
		{84920320-D253-4E9D-A9FD-106DA87E6A93}.Release|Any CPU.Build.0 = Release|Any CPU
		{F417F0B8-82D0-4F79-BF8E-A137999A0958}.Debug|Any CPU.ActiveCfg = Debug|Any CPU
		{F417F0B8-82D0-4F79-BF8E-A137999A0958}.Debug|Any CPU.Build.0 = Debug|Any CPU
		{F417F0B8-82D0-4F79-BF8E-A137999A0958}.Release|Any CPU.ActiveCfg = Release|Any CPU
		{F417F0B8-82D0-4F79-BF8E-A137999A0958}.Release|Any CPU.Build.0 = Release|Any CPU
		{AE73D6A6-5D22-49BF-9CF8-3452B318F1A1}.Debug|Any CPU.ActiveCfg = Debug|Any CPU
		{AE73D6A6-5D22-49BF-9CF8-3452B318F1A1}.Debug|Any CPU.Build.0 = Debug|Any CPU
		{AE73D6A6-5D22-49BF-9CF8-3452B318F1A1}.Release|Any CPU.ActiveCfg = Release|Any CPU
		{AE73D6A6-5D22-49BF-9CF8-3452B318F1A1}.Release|Any CPU.Build.0 = Release|Any CPU
		{68C9E1C0-0B05-4F1E-A2BD-76688EFA87AF}.Debug|Any CPU.ActiveCfg = Debug|Any CPU
		{68C9E1C0-0B05-4F1E-A2BD-76688EFA87AF}.Debug|Any CPU.Build.0 = Debug|Any CPU
		{68C9E1C0-0B05-4F1E-A2BD-76688EFA87AF}.Release|Any CPU.ActiveCfg = Release|Any CPU
		{68C9E1C0-0B05-4F1E-A2BD-76688EFA87AF}.Release|Any CPU.Build.0 = Release|Any CPU
	EndGlobalSection
	GlobalSection(SolutionProperties) = preSolution
		HideSolutionNode = FALSE
	EndGlobalSection
	GlobalSection(ExtensibilityGlobals) = postSolution
		SolutionGuid = {F5BA9C39-3ABD-444F-9B13-797DEE4404C0}
	EndGlobalSection
EndGlobal
